
Microsoft Visual Studio Solution File, Format Version 12.00
# Visual Studio Version 16
VisualStudioVersion = 16.0.29728.190
MinimumVisualStudioVersion = 10.0.40219.1
Project("{9A19103F-16F7-4668-BE54-9A1E7A4F7556}") = "WebShop", "WebShop\WebShop.csproj", "{5C5D54E7-50A0-41A7-AC6F-6FDA9F38B893}"
EndProject
Project("{FAE04EC0-301F-11D3-BF4B-00C04F79EFBC}") = "Domain", "Domain\Domain.csproj", "{A6B18C27-F991-4EE2-92FB-63ECF472FD82}"
EndProject
Project("{FAE04EC0-301F-11D3-BF4B-00C04F79EFBC}") = "Services", "Services\Services.csproj", "{9C6D9D8F-F35F-45AC-ADD0-0CD40F07223B}"
EndProject
Global
	GlobalSection(SolutionConfigurationPlatforms) = preSolution
		Debug|Any CPU = Debug|Any CPU
		Release|Any CPU = Release|Any CPU
	EndGlobalSection
	GlobalSection(ProjectConfigurationPlatforms) = postSolution
		{5C5D54E7-50A0-41A7-AC6F-6FDA9F38B893}.Debug|Any CPU.ActiveCfg = Debug|Any CPU
		{5C5D54E7-50A0-41A7-AC6F-6FDA9F38B893}.Debug|Any CPU.Build.0 = Debug|Any CPU
		{5C5D54E7-50A0-41A7-AC6F-6FDA9F38B893}.Release|Any CPU.ActiveCfg = Release|Any CPU
		{5C5D54E7-50A0-41A7-AC6F-6FDA9F38B893}.Release|Any CPU.Build.0 = Release|Any CPU
		{A6B18C27-F991-4EE2-92FB-63ECF472FD82}.Debug|Any CPU.ActiveCfg = Debug|Any CPU
		{A6B18C27-F991-4EE2-92FB-63ECF472FD82}.Debug|Any CPU.Build.0 = Debug|Any CPU
		{A6B18C27-F991-4EE2-92FB-63ECF472FD82}.Release|Any CPU.ActiveCfg = Release|Any CPU
		{A6B18C27-F991-4EE2-92FB-63ECF472FD82}.Release|Any CPU.Build.0 = Release|Any CPU
		{9C6D9D8F-F35F-45AC-ADD0-0CD40F07223B}.Debug|Any CPU.ActiveCfg = Debug|Any CPU
		{9C6D9D8F-F35F-45AC-ADD0-0CD40F07223B}.Debug|Any CPU.Build.0 = Debug|Any CPU
		{9C6D9D8F-F35F-45AC-ADD0-0CD40F07223B}.Release|Any CPU.ActiveCfg = Release|Any CPU
		{9C6D9D8F-F35F-45AC-ADD0-0CD40F07223B}.Release|Any CPU.Build.0 = Release|Any CPU
	EndGlobalSection
	GlobalSection(SolutionProperties) = preSolution
		HideSolutionNode = FALSE
	EndGlobalSection
	GlobalSection(ExtensibilityGlobals) = postSolution
		SolutionGuid = {A942045D-AC85-4AEE-9158-2C3F2A5DAEC4}
	EndGlobalSection
EndGlobal
